
Microsoft Visual Studio Solution File, Format Version 12.00
# Visual Studio 15
VisualStudioVersion = 15.0.28307.421
MinimumVisualStudioVersion = 10.0.40219.1
Project("{FAE04EC0-301F-11D3-BF4B-00C04F79EFBC}") = "ブロックくずし", "ブロックくずし\ブロックくずし.csproj", "{9C04BB8F-E97B-4CA9-91E2-A39830A58E9C}"
EndProject
Global
	GlobalSection(SolutionConfigurationPlatforms) = preSolution
		Debug|Any CPU = Debug|Any CPU
		Release|Any CPU = Release|Any CPU
	EndGlobalSection
	GlobalSection(ProjectConfigurationPlatforms) = postSolution
		{9C04BB8F-E97B-4CA9-91E2-A39830A58E9C}.Debug|Any CPU.ActiveCfg = Debug|Any CPU
		{9C04BB8F-E97B-4CA9-91E2-A39830A58E9C}.Debug|Any CPU.Build.0 = Debug|Any CPU
		{9C04BB8F-E97B-4CA9-91E2-A39830A58E9C}.Release|Any CPU.ActiveCfg = Release|Any CPU
		{9C04BB8F-E97B-4CA9-91E2-A39830A58E9C}.Release|Any CPU.Build.0 = Release|Any CPU
	EndGlobalSection
	GlobalSection(SolutionProperties) = preSolution
		HideSolutionNode = FALSE
	EndGlobalSection
	GlobalSection(ExtensibilityGlobals) = postSolution
		SolutionGuid = {29F141D2-F07E-4D13-BE06-C900D31919A1}
	EndGlobalSection
EndGlobal
